
Microsoft Visual Studio Solution File, Format Version 12.00
# Visual Studio Version 17
VisualStudioVersion = 17.4.33213.308
MinimumVisualStudioVersion = 10.0.40219.1
Project("{FAE04EC0-301F-11D3-BF4B-00C04F79EFBC}") = "WinFormsApp2", "WinFormsApp2\WinFormsApp2.csproj", "{B1955EDC-64D5-462D-99AC-D4C275C32DA8}"
EndProject
Global
	GlobalSection(SolutionConfigurationPlatforms) = preSolution
		Debug|Any CPU = Debug|Any CPU
		Release|Any CPU = Release|Any CPU
	EndGlobalSection
	GlobalSection(ProjectConfigurationPlatforms) = postSolution
		{B1955EDC-64D5-462D-99AC-D4C275C32DA8}.Debug|Any CPU.ActiveCfg = Debug|Any CPU
		{B1955EDC-64D5-462D-99AC-D4C275C32DA8}.Debug|Any CPU.Build.0 = Debug|Any CPU
		{B1955EDC-64D5-462D-99AC-D4C275C32DA8}.Release|Any CPU.ActiveCfg = Release|Any CPU
		{B1955EDC-64D5-462D-99AC-D4C275C32DA8}.Release|Any CPU.Build.0 = Release|Any CPU
	EndGlobalSection
	GlobalSection(SolutionProperties) = preSolution
		HideSolutionNode = FALSE
	EndGlobalSection
	GlobalSection(ExtensibilityGlobals) = postSolution
		SolutionGuid = {FB76190C-CE38-434C-8448-6907ED81943D}
	EndGlobalSection
EndGlobal
